github.com/Gimulator/client-go v0.0.0-20200616105443-894ae46907b8 h1:+Y5uuO6kgJhn6ZkLPUTAVPyIfbuoD/rwnd8HImn4JzY=
github.com/Gimulator/client-go v0.0.0-20200616105443-894ae46907b8/go.mod h1:w9S1W8tt/Sbs8x6ilYtKv1mZoqHmfarw5yehgQnNamk=
github.com/Gimulator/client-go v0.0.0-20200619082333-a3891cfe3e72 h1:w5/VxG+p3F0UMmlQsJNJfNsJX64qoCJ1pMZJ5w0S694=
github.com/Gimulator/client-go v0.0.0-20200619082333-a3891cfe3e72/go.mod h1:w9S1W8tt/Sbs8x6ilYtKv1mZoqHmfarw5yehgQnNamk=
github.com/Gimulator/client-go v0.0.0-20200619083131-7e9b866f5eb5 h1:sTmF4EwOuWz47x9HtkztZTjVJGVl42rpTvOilzyTNMw=
github.com/Gimulator/client-go v0.0.0-20200619083131-7e9b866f5eb5/go.mod h1:w9S1W8tt/Sbs8x6ilYtKv1mZoqHmfarw5yehgQnNamk=
github.com/gorilla/websocket v1.4.2 h1:+/TMaTYc4QFitKJxsQ7Yye35DkWvkdLcvGKqM+x0Ufc=
github.com/gorilla/websocket v1.4.2/go.mod h1:YR8l580nyteQvAITg2hZ9XVh4b55+EU/adAjf1fMHhE=
github.com/satori/go.uuid v1.2.0 h1:0uYX9dsZ2yD7q2RtLRtPSdGDWzjeM3TbMJP9utgA0ww=
github.com/satori/go.uuid v1.2.0/go.mod h1:dA0hQrYB0VpLJoorglMZABFdXlWrHn1NEOzdhQKdks0=
